
Microsoft Visual Studio Solution File, Format Version 12.00
# Visual Studio 15
VisualStudioVersion = 15.0.28307.329
MinimumVisualStudioVersion = 10.0.40219.1
Project("{FAE04EC0-301F-11D3-BF4B-00C04F79EFBC}") = "Amritpal_727469_A3", "Amritpal_727469_A3\Amritpal_727469_A3.csproj", "{644CD09A-1BE9-4F75-B1DD-08DB142CCF21}"
EndProject
Global
	GlobalSection(SolutionConfigurationPlatforms) = preSolution
		Debug|Any CPU = Debug|Any CPU
		Release|Any CPU = Release|Any CPU
	EndGlobalSection
	GlobalSection(ProjectConfigurationPlatforms) = postSolution
		{644CD09A-1BE9-4F75-B1DD-08DB142CCF21}.Debug|Any CPU.ActiveCfg = Debug|Any CPU
		{644CD09A-1BE9-4F75-B1DD-08DB142CCF21}.Debug|Any CPU.Build.0 = Debug|Any CPU
		{644CD09A-1BE9-4F75-B1DD-08DB142CCF21}.Release|Any CPU.ActiveCfg = Release|Any CPU
		{644CD09A-1BE9-4F75-B1DD-08DB142CCF21}.Release|Any CPU.Build.0 = Release|Any CPU
	EndGlobalSection
	GlobalSection(SolutionProperties) = preSolution
		HideSolutionNode = FALSE
	EndGlobalSection
	GlobalSection(ExtensibilityGlobals) = postSolution
		SolutionGuid = {B99FD568-C706-4A9C-90E2-42F31E62DA8C}
	EndGlobalSection
EndGlobal
